
Microsoft Visual Studio Solution File, Format Version 12.00
# Visual Studio 14
VisualStudioVersion = 14.0.25420.1
MinimumVisualStudioVersion = 10.0.40219.1
Project("{F184B08F-C81C-45F6-A57F-5ABD9991F28F}") = "Telemetry", "Telemetry\Telemetry.vbproj", "{BA539C98-D000-4ACF-8B0F-002458588119}"
EndProject
Project("{F184B08F-C81C-45F6-A57F-5ABD9991F28F}") = "Telemetry.Sandbox", "Telemetry.Sandbox\Telemetry.Sandbox.vbproj", "{406E287B-ACFC-4257-B8FE-30F06C79DE6B}"
EndProject
Project("{2150E333-8FDC-42A3-9474-1A3956D46DE8}") = "Solution Items", "Solution Items", "{C4E243BA-E324-4FFE-85D4-6187488A7544}"
	ProjectSection(SolutionItems) = preProject
		CleanBuild.cmd = CleanBuild.cmd
		README.md = README.md
		Telemetry\TODO.vb = Telemetry\TODO.vb
	EndProjectSection
EndProject
Project("{F184B08F-C81C-45F6-A57F-5ABD9991F28F}") = "Telemetry.Xml", "Telemetry.Xml\Telemetry.Xml.vbproj", "{900DE052-80CD-4291-B015-605D9BD6FB14}"
EndProject
Project("{F184B08F-C81C-45F6-A57F-5ABD9991F28F}") = "Telemetry.Reusable", "Telemetry.Reusable\Telemetry.Reusable.vbproj", "{0BD02E80-1C77-4EBD-B154-E008235493AA}"
EndProject
Project("{F184B08F-C81C-45F6-A57F-5ABD9991F28F}") = "Telemetry.Xml.Data", "Telemetry.Xml.Data\Telemetry.Xml.Data.vbproj", "{8573381C-0F92-4DDF-930E-792AE6C72BD4}"
EndProject
Project("{F184B08F-C81C-45F6-A57F-5ABD9991F28F}") = "Telemetry.Hardware.Data.Exchange", "Telemetry.Hardware.Data.Exchange\Telemetry.Hardware.Data.Exchange.vbproj", "{425D462C-6BCE-47EA-B66C-F86BBC7465A9}"
EndProject
Project("{F184B08F-C81C-45F6-A57F-5ABD9991F28F}") = "Telemetry.Launcher", "Telemetry.Launcher\Telemetry.Launcher.vbproj", "{B69A21AB-DA1B-445F-9831-C1CF5052B13D}"
EndProject
Project("{F184B08F-C81C-45F6-A57F-5ABD9991F28F}") = "Telemetry.Chart", "Telemetry.Chart\Telemetry.Chart.vbproj", "{C45F9294-7FB6-40A4-9B99-28FDA11A3AAC}"
EndProject
Project("{F184B08F-C81C-45F6-A57F-5ABD9991F28F}") = "Telemetry.Chart.Convert", "Telemetry.Chart.Convert\Telemetry.Chart.Convert.vbproj", "{DD9DC9A5-3BEE-4957-BBF8-009735155FC1}"
EndProject
Project("{FAE04EC0-301F-11D3-BF4B-00C04F79EFBC}") = "Telemetry.Interop", "Telemetry.Interop\Telemetry.Interop.csproj", "{FA146CB5-2ED0-4019-A124-75FBDF9ED530}"
EndProject
Project("{2150E333-8FDC-42A3-9474-1A3956D46DE8}") = "Referenced Assemblies", "Referenced Assemblies", "{C8B842F6-1F57-4325-9382-236448569E21}"
	ProjectSection(SolutionItems) = preProject
		Referenced Assemblies\ComponentFactory.Krypton.Design.dll = Referenced Assemblies\ComponentFactory.Krypton.Design.dll
		Referenced Assemblies\ComponentFactory.Krypton.Docking.dll = Referenced Assemblies\ComponentFactory.Krypton.Docking.dll
		Referenced Assemblies\ComponentFactory.Krypton.Navigator.dll = Referenced Assemblies\ComponentFactory.Krypton.Navigator.dll
		Referenced Assemblies\ComponentFactory.Krypton.Ribbon.dll = Referenced Assemblies\ComponentFactory.Krypton.Ribbon.dll
		Referenced Assemblies\ComponentFactory.Krypton.Toolkit.dll = Referenced Assemblies\ComponentFactory.Krypton.Toolkit.dll
		Referenced Assemblies\ComponentFactory.Krypton.Workspace.dll = Referenced Assemblies\ComponentFactory.Krypton.Workspace.dll
	EndProjectSection
EndProject
Project("{F184B08F-C81C-45F6-A57F-5ABD9991F28F}") = "Telemetry.Tests.Run", "Telemetry.Tests.Run\Telemetry.Tests.Run.vbproj", "{22F6CD3E-75AF-43FA-9B3D-2E3C13FD6284}"
EndProject
Project("{F184B08F-C81C-45F6-A57F-5ABD9991F28F}") = "Telemetry.Tests", "Telemetry.Tests\Telemetry.Tests.vbproj", "{FD276C0F-0DAB-4D2B-8CE9-31745C35FCD5}"
EndProject
Project("{F184B08F-C81C-45F6-A57F-5ABD9991F28F}") = "Telemetry.Themes", "Telemetry.Themes\Telemetry.Themes.vbproj", "{66E061C6-4390-4637-B7E3-840E2E7C78BD}"
EndProject
Project("{D954291E-2A0B-460D-934E-DC6B0785DB48}") = "Telemetry.Shared", "Telemetry.Shared\Telemetry.Shared.shproj", "{2ACF44F4-D005-45B3-81DA-D84B0ED07BC6}"
EndProject
Project("{2150E333-8FDC-42A3-9474-1A3956D46DE8}") = "Font Files", "Font Files", "{1BE4DC85-7F40-4C3C-A72B-206223CB50F3}"
	ProjectSection(SolutionItems) = preProject
		Font Files\QuartzMS.TTF = Font Files\QuartzMS.TTF
		Font Files\segoeui.ttf = Font Files\segoeui.ttf
		Font Files\segoeuib.ttf = Font Files\segoeuib.ttf
		Font Files\segoeuii.ttf = Font Files\segoeuii.ttf
		Font Files\segoeuil.ttf = Font Files\segoeuil.ttf
		Font Files\segoeuiz.ttf = Font Files\segoeuiz.ttf
		Font Files\seguisb.ttf = Font Files\seguisb.ttf
		Font Files\tahoma.ttf = Font Files\tahoma.ttf
		Font Files\tahomabd.ttf = Font Files\tahomabd.ttf
	EndProjectSection
EndProject
Project("{2150E333-8FDC-42A3-9474-1A3956D46DE8}") = "Certificates", "Certificates", "{4BEF63DF-A241-4F67-8ECD-765D521BA4F2}"
	ProjectSection(SolutionItems) = preProject
		Certificates\Telemetry_TemporaryKey.pfx = Certificates\Telemetry_TemporaryKey.pfx
	EndProjectSection
EndProject
Project("{D954291E-2A0B-460D-934E-DC6B0785DB48}") = "Telemetry.API", "Telemetry.API\Telemetry.API.shproj", "{1C2BC1B0-ACEF-4B4A-B424-49A746FDA8AA}"
EndProject
Global
	GlobalSection(SharedMSBuildProjectFiles) = preSolution
		Telemetry.Shared\Telemetry.Shared.projitems*{0bd02e80-1c77-4ebd-b154-e008235493aa}*SharedItemsImports = 4
		Telemetry.API\Telemetry.API.projitems*{1c2bc1b0-acef-4b4a-b424-49a746fda8aa}*SharedItemsImports = 13
		Telemetry.Shared\Telemetry.Shared.projitems*{22f6cd3e-75af-43fa-9b3d-2e3c13fd6284}*SharedItemsImports = 4
		Telemetry.Shared\Telemetry.Shared.projitems*{2acf44f4-d005-45b3-81da-d84b0ed07bc6}*SharedItemsImports = 13
		Telemetry.API\Telemetry.API.projitems*{406e287b-acfc-4257-b8fe-30f06c79de6b}*SharedItemsImports = 4
		Telemetry.Shared\Telemetry.Shared.projitems*{406e287b-acfc-4257-b8fe-30f06c79de6b}*SharedItemsImports = 4
		Telemetry.API\Telemetry.API.projitems*{425d462c-6bce-47ea-b66c-f86bbc7465a9}*SharedItemsImports = 4
		Telemetry.Shared\Telemetry.Shared.projitems*{425d462c-6bce-47ea-b66c-f86bbc7465a9}*SharedItemsImports = 4
		Telemetry.Shared\Telemetry.Shared.projitems*{66e061c6-4390-4637-b7e3-840e2e7c78bd}*SharedItemsImports = 4
		Telemetry.Shared\Telemetry.Shared.projitems*{8573381c-0f92-4ddf-930e-792ae6c72bd4}*SharedItemsImports = 4
		Telemetry.Shared\Telemetry.Shared.projitems*{900de052-80cd-4291-b015-605d9bd6fb14}*SharedItemsImports = 4
		Telemetry.Shared\Telemetry.Shared.projitems*{b69a21ab-da1b-445f-9831-c1cf5052b13d}*SharedItemsImports = 4
		Telemetry.Shared\Telemetry.Shared.projitems*{ba539c98-d000-4acf-8b0f-002458588119}*SharedItemsImports = 4
		Telemetry.Shared\Telemetry.Shared.projitems*{c45f9294-7fb6-40a4-9b99-28fda11a3aac}*SharedItemsImports = 4
		Telemetry.Shared\Telemetry.Shared.projitems*{dd9dc9a5-3bee-4957-bbf8-009735155fc1}*SharedItemsImports = 4
		Telemetry.Shared\Telemetry.Shared.projitems*{fd276c0f-0dab-4d2b-8ce9-31745c35fcd5}*SharedItemsImports = 4
	EndGlobalSection
	GlobalSection(SolutionConfigurationPlatforms) = preSolution
		Debug|Any CPU = Debug|Any CPU
		Debug|x64 = Debug|x64
		Debug|x86 = Debug|x86
		Release|Any CPU = Release|Any CPU
		Release|x64 = Release|x64
		Release|x86 = Release|x86
	EndGlobalSection
	GlobalSection(ProjectConfigurationPlatforms) = postSolution
		{BA539C98-D000-4ACF-8B0F-002458588119}.Debug|Any CPU.ActiveCfg = Debug|Any CPU
		{BA539C98-D000-4ACF-8B0F-002458588119}.Debug|Any CPU.Build.0 = Debug|Any CPU
		{BA539C98-D000-4ACF-8B0F-002458588119}.Debug|x64.ActiveCfg = Debug|x64
		{BA539C98-D000-4ACF-8B0F-002458588119}.Debug|x64.Build.0 = Debug|x64
		{BA539C98-D000-4ACF-8B0F-002458588119}.Debug|x86.ActiveCfg = Debug|x86
		{BA539C98-D000-4ACF-8B0F-002458588119}.Debug|x86.Build.0 = Debug|x86
		{BA539C98-D000-4ACF-8B0F-002458588119}.Release|Any CPU.ActiveCfg = Release|Any CPU
		{BA539C98-D000-4ACF-8B0F-002458588119}.Release|Any CPU.Build.0 = Release|Any CPU
		{BA539C98-D000-4ACF-8B0F-002458588119}.Release|x64.ActiveCfg = Release|x64
		{BA539C98-D000-4ACF-8B0F-002458588119}.Release|x64.Build.0 = Release|x64
		{BA539C98-D000-4ACF-8B0F-002458588119}.Release|x86.ActiveCfg = Release|x86
		{BA539C98-D000-4ACF-8B0F-002458588119}.Release|x86.Build.0 = Release|x86
		{406E287B-ACFC-4257-B8FE-30F06C79DE6B}.Debug|Any CPU.ActiveCfg = Debug|Any CPU
		{406E287B-ACFC-4257-B8FE-30F06C79DE6B}.Debug|Any CPU.Build.0 = Debug|Any CPU
		{406E287B-ACFC-4257-B8FE-30F06C79DE6B}.Debug|x64.ActiveCfg = Debug|x64
		{406E287B-ACFC-4257-B8FE-30F06C79DE6B}.Debug|x64.Build.0 = Debug|x64
		{406E287B-ACFC-4257-B8FE-30F06C79DE6B}.Debug|x86.ActiveCfg = Debug|x86
		{406E287B-ACFC-4257-B8FE-30F06C79DE6B}.Debug|x86.Build.0 = Debug|x86
		{406E287B-ACFC-4257-B8FE-30F06C79DE6B}.Release|Any CPU.ActiveCfg = Release|Any CPU
		{406E287B-ACFC-4257-B8FE-30F06C79DE6B}.Release|Any CPU.Build.0 = Release|Any CPU
		{406E287B-ACFC-4257-B8FE-30F06C79DE6B}.Release|x64.ActiveCfg = Release|x64
		{406E287B-ACFC-4257-B8FE-30F06C79DE6B}.Release|x64.Build.0 = Release|x64
		{406E287B-ACFC-4257-B8FE-30F06C79DE6B}.Release|x86.ActiveCfg = Release|x86
		{406E287B-ACFC-4257-B8FE-30F06C79DE6B}.Release|x86.Build.0 = Release|x86
		{900DE052-80CD-4291-B015-605D9BD6FB14}.Debug|Any CPU.ActiveCfg = Debug|Any CPU
		{900DE052-80CD-4291-B015-605D9BD6FB14}.Debug|Any CPU.Build.0 = Debug|Any CPU
		{900DE052-80CD-4291-B015-605D9BD6FB14}.Debug|x64.ActiveCfg = Debug|Any CPU
		{900DE052-80CD-4291-B015-605D9BD6FB14}.Debug|x64.Build.0 = Debug|Any CPU
		{900DE052-80CD-4291-B015-605D9BD6FB14}.Debug|x86.ActiveCfg = Debug|Any CPU
		{900DE052-80CD-4291-B015-605D9BD6FB14}.Debug|x86.Build.0 = Debug|Any CPU
		{900DE052-80CD-4291-B015-605D9BD6FB14}.Release|Any CPU.ActiveCfg = Release|Any CPU
		{900DE052-80CD-4291-B015-605D9BD6FB14}.Release|Any CPU.Build.0 = Release|Any CPU
		{900DE052-80CD-4291-B015-605D9BD6FB14}.Release|x64.ActiveCfg = Release|Any CPU
		{900DE052-80CD-4291-B015-605D9BD6FB14}.Release|x64.Build.0 = Release|Any CPU
		{900DE052-80CD-4291-B015-605D9BD6FB14}.Release|x86.ActiveCfg = Release|Any CPU
		{900DE052-80CD-4291-B015-605D9BD6FB14}.Release|x86.Build.0 = Release|Any CPU
		{0BD02E80-1C77-4EBD-B154-E008235493AA}.Debug|Any CPU.ActiveCfg = Debug|Any CPU
		{0BD02E80-1C77-4EBD-B154-E008235493AA}.Debug|Any CPU.Build.0 = Debug|Any CPU
		{0BD02E80-1C77-4EBD-B154-E008235493AA}.Debug|x64.ActiveCfg = Debug|Any CPU
		{0BD02E80-1C77-4EBD-B154-E008235493AA}.Debug|x64.Build.0 = Debug|Any CPU
		{0BD02E80-1C77-4EBD-B154-E008235493AA}.Debug|x86.ActiveCfg = Debug|Any CPU
		{0BD02E80-1C77-4EBD-B154-E008235493AA}.Debug|x86.Build.0 = Debug|Any CPU
		{0BD02E80-1C77-4EBD-B154-E008235493AA}.Release|Any CPU.ActiveCfg = Release|Any CPU
		{0BD02E80-1C77-4EBD-B154-E008235493AA}.Release|Any CPU.Build.0 = Release|Any CPU
		{0BD02E80-1C77-4EBD-B154-E008235493AA}.Release|x64.ActiveCfg = Release|Any CPU
		{0BD02E80-1C77-4EBD-B154-E008235493AA}.Release|x64.Build.0 = Release|Any CPU
		{0BD02E80-1C77-4EBD-B154-E008235493AA}.Release|x86.ActiveCfg = Release|Any CPU
		{0BD02E80-1C77-4EBD-B154-E008235493AA}.Release|x86.Build.0 = Release|Any CPU
		{8573381C-0F92-4DDF-930E-792AE6C72BD4}.Debug|Any CPU.ActiveCfg = Debug|Any CPU
		{8573381C-0F92-4DDF-930E-792AE6C72BD4}.Debug|Any CPU.Build.0 = Debug|Any CPU
		{8573381C-0F92-4DDF-930E-792AE6C72BD4}.Debug|x64.ActiveCfg = Debug|Any CPU
		{8573381C-0F92-4DDF-930E-792AE6C72BD4}.Debug|x64.Build.0 = Debug|Any CPU
		{8573381C-0F92-4DDF-930E-792AE6C72BD4}.Debug|x86.ActiveCfg = Debug|Any CPU
		{8573381C-0F92-4DDF-930E-792AE6C72BD4}.Debug|x86.Build.0 = Debug|Any CPU
		{8573381C-0F92-4DDF-930E-792AE6C72BD4}.Release|Any CPU.ActiveCfg = Release|Any CPU
		{8573381C-0F92-4DDF-930E-792AE6C72BD4}.Release|Any CPU.Build.0 = Release|Any CPU
		{8573381C-0F92-4DDF-930E-792AE6C72BD4}.Release|x64.ActiveCfg = Release|Any CPU
		{8573381C-0F92-4DDF-930E-792AE6C72BD4}.Release|x64.Build.0 = Release|Any CPU
		{8573381C-0F92-4DDF-930E-792AE6C72BD4}.Release|x86.ActiveCfg = Release|Any CPU
		{8573381C-0F92-4DDF-930E-792AE6C72BD4}.Release|x86.Build.0 = Release|Any CPU
		{425D462C-6BCE-47EA-B66C-F86BBC7465A9}.Debug|Any CPU.ActiveCfg = Debug|Any CPU
		{425D462C-6BCE-47EA-B66C-F86BBC7465A9}.Debug|Any CPU.Build.0 = Debug|Any CPU
		{425D462C-6BCE-47EA-B66C-F86BBC7465A9}.Debug|x64.ActiveCfg = Debug|Any CPU
		{425D462C-6BCE-47EA-B66C-F86BBC7465A9}.Debug|x64.Build.0 = Debug|Any CPU
		{425D462C-6BCE-47EA-B66C-F86BBC7465A9}.Debug|x86.ActiveCfg = Debug|Any CPU
		{425D462C-6BCE-47EA-B66C-F86BBC7465A9}.Debug|x86.Build.0 = Debug|Any CPU
		{425D462C-6BCE-47EA-B66C-F86BBC7465A9}.Release|Any CPU.ActiveCfg = Release|Any CPU
		{425D462C-6BCE-47EA-B66C-F86BBC7465A9}.Release|Any CPU.Build.0 = Release|Any CPU
		{425D462C-6BCE-47EA-B66C-F86BBC7465A9}.Release|x64.ActiveCfg = Release|Any CPU
		{425D462C-6BCE-47EA-B66C-F86BBC7465A9}.Release|x64.Build.0 = Release|Any CPU
		{425D462C-6BCE-47EA-B66C-F86BBC7465A9}.Release|x86.ActiveCfg = Release|Any CPU
		{425D462C-6BCE-47EA-B66C-F86BBC7465A9}.Release|x86.Build.0 = Release|Any CPU
		{B69A21AB-DA1B-445F-9831-C1CF5052B13D}.Debug|Any CPU.ActiveCfg = Debug|Any CPU
		{B69A21AB-DA1B-445F-9831-C1CF5052B13D}.Debug|Any CPU.Build.0 = Debug|Any CPU
		{B69A21AB-DA1B-445F-9831-C1CF5052B13D}.Debug|x64.ActiveCfg = Debug|Any CPU
		{B69A21AB-DA1B-445F-9831-C1CF5052B13D}.Debug|x64.Build.0 = Debug|Any CPU
		{B69A21AB-DA1B-445F-9831-C1CF5052B13D}.Debug|x86.ActiveCfg = Debug|Any CPU
		{B69A21AB-DA1B-445F-9831-C1CF5052B13D}.Debug|x86.Build.0 = Debug|Any CPU
		{B69A21AB-DA1B-445F-9831-C1CF5052B13D}.Release|Any CPU.ActiveCfg = Release|Any CPU
		{B69A21AB-DA1B-445F-9831-C1CF5052B13D}.Release|Any CPU.Build.0 = Release|Any CPU
		{B69A21AB-DA1B-445F-9831-C1CF5052B13D}.Release|x64.ActiveCfg = Release|Any CPU
		{B69A21AB-DA1B-445F-9831-C1CF5052B13D}.Release|x64.Build.0 = Release|Any CPU
		{B69A21AB-DA1B-445F-9831-C1CF5052B13D}.Release|x86.ActiveCfg = Release|Any CPU
		{B69A21AB-DA1B-445F-9831-C1CF5052B13D}.Release|x86.Build.0 = Release|Any CPU
		{C45F9294-7FB6-40A4-9B99-28FDA11A3AAC}.Debug|Any CPU.ActiveCfg = Debug|Any CPU
		{C45F9294-7FB6-40A4-9B99-28FDA11A3AAC}.Debug|Any CPU.Build.0 = Debug|Any CPU
		{C45F9294-7FB6-40A4-9B99-28FDA11A3AAC}.Debug|x64.ActiveCfg = Debug|Any CPU
		{C45F9294-7FB6-40A4-9B99-28FDA11A3AAC}.Debug|x64.Build.0 = Debug|Any CPU
		{C45F9294-7FB6-40A4-9B99-28FDA11A3AAC}.Debug|x86.ActiveCfg = Debug|Any CPU
		{C45F9294-7FB6-40A4-9B99-28FDA11A3AAC}.Debug|x86.Build.0 = Debug|Any CPU
		{C45F9294-7FB6-40A4-9B99-28FDA11A3AAC}.Release|Any CPU.ActiveCfg = Release|Any CPU
		{C45F9294-7FB6-40A4-9B99-28FDA11A3AAC}.Release|Any CPU.Build.0 = Release|Any CPU
		{C45F9294-7FB6-40A4-9B99-28FDA11A3AAC}.Release|x64.ActiveCfg = Release|Any CPU
		{C45F9294-7FB6-40A4-9B99-28FDA11A3AAC}.Release|x64.Build.0 = Release|Any CPU
		{C45F9294-7FB6-40A4-9B99-28FDA11A3AAC}.Release|x86.ActiveCfg = Release|Any CPU
		{C45F9294-7FB6-40A4-9B99-28FDA11A3AAC}.Release|x86.Build.0 = Release|Any CPU
		{DD9DC9A5-3BEE-4957-BBF8-009735155FC1}.Debug|Any CPU.ActiveCfg = Debug|Any CPU
		{DD9DC9A5-3BEE-4957-BBF8-009735155FC1}.Debug|Any CPU.Build.0 = Debug|Any CPU
		{DD9DC9A5-3BEE-4957-BBF8-009735155FC1}.Debug|x64.ActiveCfg = Debug|Any CPU
		{DD9DC9A5-3BEE-4957-BBF8-009735155FC1}.Debug|x64.Build.0 = Debug|Any CPU
		{DD9DC9A5-3BEE-4957-BBF8-009735155FC1}.Debug|x86.ActiveCfg = Debug|Any CPU
		{DD9DC9A5-3BEE-4957-BBF8-009735155FC1}.Debug|x86.Build.0 = Debug|Any CPU
		{DD9DC9A5-3BEE-4957-BBF8-009735155FC1}.Release|Any CPU.ActiveCfg = Release|Any CPU
		{DD9DC9A5-3BEE-4957-BBF8-009735155FC1}.Release|Any CPU.Build.0 = Release|Any CPU
		{DD9DC9A5-3BEE-4957-BBF8-009735155FC1}.Release|x64.ActiveCfg = Release|Any CPU
		{DD9DC9A5-3BEE-4957-BBF8-009735155FC1}.Release|x64.Build.0 = Release|Any CPU
		{DD9DC9A5-3BEE-4957-BBF8-009735155FC1}.Release|x86.ActiveCfg = Release|Any CPU
		{DD9DC9A5-3BEE-4957-BBF8-009735155FC1}.Release|x86.Build.0 = Release|Any CPU
		{FA146CB5-2ED0-4019-A124-75FBDF9ED530}.Debug|Any CPU.ActiveCfg = Debug|Any CPU
		{FA146CB5-2ED0-4019-A124-75FBDF9ED530}.Debug|Any CPU.Build.0 = Debug|Any CPU
		{FA146CB5-2ED0-4019-A124-75FBDF9ED530}.Debug|x64.ActiveCfg = Debug|Any CPU
		{FA146CB5-2ED0-4019-A124-75FBDF9ED530}.Debug|x64.Build.0 = Debug|Any CPU
		{FA146CB5-2ED0-4019-A124-75FBDF9ED530}.Debug|x86.ActiveCfg = Debug|Any CPU
		{FA146CB5-2ED0-4019-A124-75FBDF9ED530}.Debug|x86.Build.0 = Debug|Any CPU
		{FA146CB5-2ED0-4019-A124-75FBDF9ED530}.Release|Any CPU.ActiveCfg = Release|Any CPU
		{FA146CB5-2ED0-4019-A124-75FBDF9ED530}.Release|Any CPU.Build.0 = Release|Any CPU
		{FA146CB5-2ED0-4019-A124-75FBDF9ED530}.Release|x64.ActiveCfg = Release|Any CPU
		{FA146CB5-2ED0-4019-A124-75FBDF9ED530}.Release|x64.Build.0 = Release|Any CPU
		{FA146CB5-2ED0-4019-A124-75FBDF9ED530}.Release|x86.ActiveCfg = Release|Any CPU
		{FA146CB5-2ED0-4019-A124-75FBDF9ED530}.Release|x86.Build.0 = Release|Any CPU
		{22F6CD3E-75AF-43FA-9B3D-2E3C13FD6284}.Debug|Any CPU.ActiveCfg = Debug|Any CPU
		{22F6CD3E-75AF-43FA-9B3D-2E3C13FD6284}.Debug|Any CPU.Build.0 = Debug|Any CPU
		{22F6CD3E-75AF-43FA-9B3D-2E3C13FD6284}.Debug|x64.ActiveCfg = Debug|Any CPU
		{22F6CD3E-75AF-43FA-9B3D-2E3C13FD6284}.Debug|x64.Build.0 = Debug|Any CPU
		{22F6CD3E-75AF-43FA-9B3D-2E3C13FD6284}.Debug|x86.ActiveCfg = Debug|Any CPU
		{22F6CD3E-75AF-43FA-9B3D-2E3C13FD6284}.Debug|x86.Build.0 = Debug|Any CPU
		{22F6CD3E-75AF-43FA-9B3D-2E3C13FD6284}.Release|Any CPU.ActiveCfg = Release|Any CPU
		{22F6CD3E-75AF-43FA-9B3D-2E3C13FD6284}.Release|Any CPU.Build.0 = Release|Any CPU
		{22F6CD3E-75AF-43FA-9B3D-2E3C13FD6284}.Release|x64.ActiveCfg = Release|Any CPU
		{22F6CD3E-75AF-43FA-9B3D-2E3C13FD6284}.Release|x64.Build.0 = Release|Any CPU
		{22F6CD3E-75AF-43FA-9B3D-2E3C13FD6284}.Release|x86.ActiveCfg = Release|Any CPU
		{22F6CD3E-75AF-43FA-9B3D-2E3C13FD6284}.Release|x86.Build.0 = Release|Any CPU
		{FD276C0F-0DAB-4D2B-8CE9-31745C35FCD5}.Debug|Any CPU.ActiveCfg = Debug|Any CPU
		{FD276C0F-0DAB-4D2B-8CE9-31745C35FCD5}.Debug|Any CPU.Build.0 = Debug|Any CPU
		{FD276C0F-0DAB-4D2B-8CE9-31745C35FCD5}.Debug|x64.ActiveCfg = Debug|Any CPU
		{FD276C0F-0DAB-4D2B-8CE9-31745C35FCD5}.Debug|x64.Build.0 = Debug|Any CPU
		{FD276C0F-0DAB-4D2B-8CE9-31745C35FCD5}.Debug|x86.ActiveCfg = Debug|Any CPU
		{FD276C0F-0DAB-4D2B-8CE9-31745C35FCD5}.Debug|x86.Build.0 = Debug|Any CPU
		{FD276C0F-0DAB-4D2B-8CE9-31745C35FCD5}.Release|Any CPU.ActiveCfg = Release|Any CPU
		{FD276C0F-0DAB-4D2B-8CE9-31745C35FCD5}.Release|Any CPU.Build.0 = Release|Any CPU
		{FD276C0F-0DAB-4D2B-8CE9-31745C35FCD5}.Release|x64.ActiveCfg = Release|Any CPU
		{FD276C0F-0DAB-4D2B-8CE9-31745C35FCD5}.Release|x64.Build.0 = Release|Any CPU
		{FD276C0F-0DAB-4D2B-8CE9-31745C35FCD5}.Release|x86.ActiveCfg = Release|Any CPU
		{FD276C0F-0DAB-4D2B-8CE9-31745C35FCD5}.Release|x86.Build.0 = Release|Any CPU
		{66E061C6-4390-4637-B7E3-840E2E7C78BD}.Debug|Any CPU.ActiveCfg = Debug|Any CPU
		{66E061C6-4390-4637-B7E3-840E2E7C78BD}.Debug|Any CPU.Build.0 = Debug|Any CPU
		{66E061C6-4390-4637-B7E3-840E2E7C78BD}.Debug|x64.ActiveCfg = Debug|Any CPU
		{66E061C6-4390-4637-B7E3-840E2E7C78BD}.Debug|x64.Build.0 = Debug|Any CPU
		{66E061C6-4390-4637-B7E3-840E2E7C78BD}.Debug|x86.ActiveCfg = Debug|Any CPU
		{66E061C6-4390-4637-B7E3-840E2E7C78BD}.Debug|x86.Build.0 = Debug|Any CPU
		{66E061C6-4390-4637-B7E3-840E2E7C78BD}.Release|Any CPU.ActiveCfg = Release|Any CPU
		{66E061C6-4390-4637-B7E3-840E2E7C78BD}.Release|Any CPU.Build.0 = Release|Any CPU
		{66E061C6-4390-4637-B7E3-840E2E7C78BD}.Release|x64.ActiveCfg = Release|Any CPU
		{66E061C6-4390-4637-B7E3-840E2E7C78BD}.Release|x64.Build.0 = Release|Any CPU
		{66E061C6-4390-4637-B7E3-840E2E7C78BD}.Release|x86.ActiveCfg = Release|Any CPU
		{66E061C6-4390-4637-B7E3-840E2E7C78BD}.Release|x86.Build.0 = Release|Any CPU
	EndGlobalSection
	GlobalSection(SolutionProperties) = preSolution
		HideSolutionNode = FALSE
	EndGlobalSection
	GlobalSection(NestedProjects) = preSolution
		{C8B842F6-1F57-4325-9382-236448569E21} = {C4E243BA-E324-4FFE-85D4-6187488A7544}
		{1BE4DC85-7F40-4C3C-A72B-206223CB50F3} = {C4E243BA-E324-4FFE-85D4-6187488A7544}
		{4BEF63DF-A241-4F67-8ECD-765D521BA4F2} = {C4E243BA-E324-4FFE-85D4-6187488A7544}
	EndGlobalSection
EndGlobal
