
Microsoft Visual Studio Solution File, Format Version 12.00
# Visual Studio 14
VisualStudioVersion = 14.0.25420.1
MinimumVisualStudioVersion = 10.0.40219.1
Project("{F184B08F-C81C-45F6-A57F-5ABD9991F28F}") = "Telemetry", "Telemetry\Telemetry.vbproj", "{BA539C98-D000-4ACF-8B0F-002458588119}"
EndProject
Project("{F184B08F-C81C-45F6-A57F-5ABD9991F28F}") = "Telemetry.Sandbox", "Telemetry.LocalDebug\Telemetry.Sandbox.vbproj", "{406E287B-ACFC-4257-B8FE-30F06C79DE6B}"
EndProject
Project("{2150E333-8FDC-42A3-9474-1A3956D46DE8}") = "Solution Items", "Solution Items", "{C4E243BA-E324-4FFE-85D4-6187488A7544}"
	ProjectSection(SolutionItems) = preProject
		README.md = README.md
	EndProjectSection
EndProject
Global
	GlobalSection(SolutionConfigurationPlatforms) = preSolution
		Debug|Any CPU = Debug|Any CPU
		Debug|x64 = Debug|x64
		Debug|x86 = Debug|x86
		Release|Any CPU = Release|Any CPU
		Release|x64 = Release|x64
		Release|x86 = Release|x86
	EndGlobalSection
	GlobalSection(ProjectConfigurationPlatforms) = postSolution
		{BA539C98-D000-4ACF-8B0F-002458588119}.Debug|Any CPU.ActiveCfg = Debug|Any CPU
		{BA539C98-D000-4ACF-8B0F-002458588119}.Debug|Any CPU.Build.0 = Debug|Any CPU
		{BA539C98-D000-4ACF-8B0F-002458588119}.Debug|x64.ActiveCfg = Debug|x64
		{BA539C98-D000-4ACF-8B0F-002458588119}.Debug|x64.Build.0 = Debug|x64
		{BA539C98-D000-4ACF-8B0F-002458588119}.Debug|x86.ActiveCfg = Debug|x86
		{BA539C98-D000-4ACF-8B0F-002458588119}.Debug|x86.Build.0 = Debug|x86
		{BA539C98-D000-4ACF-8B0F-002458588119}.Release|Any CPU.ActiveCfg = Release|Any CPU
		{BA539C98-D000-4ACF-8B0F-002458588119}.Release|Any CPU.Build.0 = Release|Any CPU
		{BA539C98-D000-4ACF-8B0F-002458588119}.Release|x64.ActiveCfg = Release|x64
		{BA539C98-D000-4ACF-8B0F-002458588119}.Release|x64.Build.0 = Release|x64
		{BA539C98-D000-4ACF-8B0F-002458588119}.Release|x86.ActiveCfg = Release|x86
		{BA539C98-D000-4ACF-8B0F-002458588119}.Release|x86.Build.0 = Release|x86
		{406E287B-ACFC-4257-B8FE-30F06C79DE6B}.Debug|Any CPU.ActiveCfg = Debug|Any CPU
		{406E287B-ACFC-4257-B8FE-30F06C79DE6B}.Debug|Any CPU.Build.0 = Debug|Any CPU
		{406E287B-ACFC-4257-B8FE-30F06C79DE6B}.Debug|x64.ActiveCfg = Debug|x64
		{406E287B-ACFC-4257-B8FE-30F06C79DE6B}.Debug|x64.Build.0 = Debug|x64
		{406E287B-ACFC-4257-B8FE-30F06C79DE6B}.Debug|x86.ActiveCfg = Debug|x86
		{406E287B-ACFC-4257-B8FE-30F06C79DE6B}.Debug|x86.Build.0 = Debug|x86
		{406E287B-ACFC-4257-B8FE-30F06C79DE6B}.Release|Any CPU.ActiveCfg = Release|Any CPU
		{406E287B-ACFC-4257-B8FE-30F06C79DE6B}.Release|Any CPU.Build.0 = Release|Any CPU
		{406E287B-ACFC-4257-B8FE-30F06C79DE6B}.Release|x64.ActiveCfg = Release|x64
		{406E287B-ACFC-4257-B8FE-30F06C79DE6B}.Release|x64.Build.0 = Release|x64
		{406E287B-ACFC-4257-B8FE-30F06C79DE6B}.Release|x86.ActiveCfg = Release|x86
		{406E287B-ACFC-4257-B8FE-30F06C79DE6B}.Release|x86.Build.0 = Release|x86
	EndGlobalSection
	GlobalSection(SolutionProperties) = preSolution
		HideSolutionNode = FALSE
	EndGlobalSection
EndGlobal
